{
  "name": "ninjagoat-analytics",
  "version": "0.7.0",
  "lockfileVersion": 2,
  "requires": true,
  "packages": {
    "": {
      "version": "0.7.0",
      "dependencies": {
        "inversify": "^4.3.0",
        "lodash": "4.17.21",
        "react-ga": "^2.7.0",
        "reflect-metadata": "0.1.8",
        "rx": "~4.1.0"
      },
      "devDependencies": {
        "@types/expect.js": "~0.3.29",
        "@types/lodash": "4.14.104",
        "@types/mocha": "~2.2.33",
        "@types/node": "~6.0.52",
        "@types/react": "16.0.0",
        "@types/react-router": "^3.0.8",
        "expect.js": "~0.3.1",
        "typemoq": "~0.2.0"
      },
      "peerDependencies": {
        "ninjagoat": ">= 3 <= 4",
        "ninjagoat-commands": ">= 3 <= 4"
      }
    },
    "node_modules/@types/expect.js": {
      "version": "0.3.29",
      "resolved": "https://registry.npmjs.org/@types/expect.js/-/expect.js-0.3.29.tgz",
      "integrity": "sha1-KN01kVW4S47LCUr8P0t0wyItyjs=",
      "dev": true
    },
    "node_modules/@types/history": {
      "version": "3.2.2",
      "resolved": "https://registry.npmjs.org/@types/history/-/history-3.2.2.tgz",
      "integrity": "sha512-DMvBzeA2dp1uZZftXkoqPC4TrdHlyuuTabCOxHY6EAKOJRMaPVu8b6lvX0QxEGKZq3cK/h3JCSxgfKmbDOYmRw==",
      "dev": true
    },
    "node_modules/@types/lodash": {
      "version": "4.14.104",
      "resolved": "https://registry.npmjs.org/@types/lodash/-/lodash-4.14.104.tgz",
      "integrity": "sha512-ufQcVg4daO8xQ5kopxRHanqFdL4AI7ondQkV+2f+7mz3gvp0LkBx2zBRC6hfs3T87mzQFmf5Fck7Fi145Ul6NQ==",
      "dev": true
    },
    "node_modules/@types/mocha": {
      "version": "2.2.48",
      "resolved": "https://registry.npmjs.org/@types/mocha/-/mocha-2.2.48.tgz",
      "integrity": "sha512-nlK/iyETgafGli8Zh9zJVCTicvU3iajSkRwOh3Hhiva598CMqNJ4NcVCGMTGKpGpTYj/9R8RLzS9NAykSSCqGw==",
      "dev": true
    },
    "node_modules/@types/node": {
      "version": "6.0.101",
      "resolved": "https://registry.npmjs.org/@types/node/-/node-6.0.101.tgz",
      "integrity": "sha512-IQ7V3D6+kK1DArTqTBrnl3M+YgJZLw8ta8w3Q9xjR79HaJzMAoTbZ8TNzUTztrkCKPTqIstE2exdbs1FzsYLUw=="
    },
    "node_modules/@types/react": {
      "version": "16.0.0",
      "resolved": "https://registry.npmjs.org/@types/react/-/react-16.0.0.tgz",
      "integrity": "sha512-lmu8zYXNhkZrIAgFgJK2/tGNXfdL//tKbtDEeph+doEAsBm+C2vnD+mAkR17bumu9K8ivYufySkkX4vrq9L8Sw==",
      "dev": true
    },
    "node_modules/@types/react-router": {
      "version": "3.0.15",
      "resolved": "https://registry.npmjs.org/@types/react-router/-/react-router-3.0.15.tgz",
      "integrity": "sha512-wEnsWwUL5fMWO3txfkh2Js3rIObaDdEcOu6hdVRYz7YXzIG9P89jG5R8PVTiH7lXSyo6+/OamNHWPHtgkB9mhg==",
      "dev": true,
      "dependencies": {
        "@types/history": "^3",
        "@types/react": "*"
      }
    },
    "node_modules/bivio": {
      "version": "0.3.2",
      "resolved": "http://tierra-nexus.toptierra.it:8090/repository/global-npm/bivio/-/bivio-0.3.2.tgz",
      "integrity": "sha1-RoD8VR+YJ3kopiXzUPjkVGVWY9k=",
      "peer": true,
      "dependencies": {
        "@types/lodash": "4.14.43",
        "@types/node": "^6.0.52",
        "envify": "~4.0.0",
        "lodash": "^4.16.6",
        "reflect-metadata": "0.1.8"
      }
    },
    "node_modules/bivio/node_modules/@types/lodash": {
      "version": "4.14.43",
      "resolved": "http://tierra-nexus.toptierra.it:8090/repository/global-npm/@types/lodash/-/lodash-4.14.43.tgz",
      "integrity": "sha1-A3PeQi5w9bzhLBU0AQOjwSbIEIY=",
      "license": "MIT",
      "peer": true
    },
    "node_modules/create-react-class": {
      "version": "15.7.0",
      "resolved": "http://tierra-nexus.toptierra.it:8090/repository/global-npm/create-react-class/-/create-react-class-15.7.0.tgz",
      "integrity": "sha512-QZv4sFWG9S5RUvkTYWbflxeZX+JG7Cz0Tn33rQBJ+WFQTqTfUTjMjiv9tnfXazjsO5r0KhPs+AqCjyrQX6h2ng==",
      "license": "MIT",
      "peer": true,
      "dependencies": {
        "loose-envify": "^1.3.1",
        "object-assign": "^4.1.1"
      }
    },
    "node_modules/envify": {
      "version": "4.0.0",
      "resolved": "http://tierra-nexus.toptierra.it:8090/repository/global-npm/envify/-/envify-4.0.0.tgz",
      "integrity": "sha1-95E0Pj0RzCnM5BFQMAqK9hxmyrA=",
      "license": "MIT",
      "peer": true,
      "dependencies": {
        "esprima": "~3.1.0",
        "through": "~2.3.4"
      },
      "bin": {
        "envify": "bin/envify"
      }
    },
    "node_modules/esprima": {
      "version": "3.1.3",
      "resolved": "http://tierra-nexus.toptierra.it:8090/repository/global-npm/esprima/-/esprima-3.1.3.tgz",
      "integrity": "sha1-/cpRzuYTOJXjyI1TXOSdv/YqRjM=",
      "license": "BSD-2-Clause",
      "peer": true,
      "bin": {
        "esparse": "bin/esparse.js",
        "esvalidate": "bin/esvalidate.js"
      },
      "engines": {
        "node": ">=4"
      }
    },
    "node_modules/expect.js": {
      "version": "0.3.1",
      "resolved": "https://registry.npmjs.org/expect.js/-/expect.js-0.3.1.tgz",
      "integrity": "sha1-sKWaDS7/VDdUTr8M6qYBWEHQm1s=",
      "dev": true
    },
    "node_modules/history": {
      "version": "3.3.0",
      "resolved": "http://tierra-nexus.toptierra.it:8090/repository/global-npm/history/-/history-3.3.0.tgz",
      "integrity": "sha1-/O3M6PEpdTcVRdc1RhAzV5ptrpw=",
      "license": "MIT",
      "peer": true,
      "dependencies": {
        "invariant": "^2.2.1",
        "loose-envify": "^1.2.0",
        "query-string": "^4.2.2",
        "warning": "^3.0.0"
      }
    },
    "node_modules/hoist-non-react-statics": {
      "version": "3.3.2",
      "resolved": "http://tierra-nexus.toptierra.it:8090/repository/global-npm/hoist-non-react-statics/-/hoist-non-react-statics-3.3.2.tgz",
      "integrity": "sha512-/gGivxi8JPKWNm/W0jSmzcMPpfpPLc3dY/6GxhX2hQ9iGj3aDfklV4ET7NjKpSinLpJ5vafa9iiGIEZg10SfBw==",
      "license": "BSD-3-Clause",
      "peer": true,
      "dependencies": {
        "react-is": "^16.7.0"
      }
    },
    "node_modules/invariant": {
      "version": "2.2.4",
      "resolved": "http://tierra-nexus.toptierra.it:8090/repository/global-npm/invariant/-/invariant-2.2.4.tgz",
      "integrity": "sha512-phJfQVBuaJM5raOpJjSfkiD6BpbCE4Ns//LaXl6wGYtUBY83nWS6Rf9tXm2e8VaK60JEjYldbPif/A2B1C2gNA==",
      "license": "MIT",
      "peer": true,
      "dependencies": {
        "loose-envify": "^1.0.0"
      }
    },
    "node_modules/inversify": {
      "version": "4.10.0",
      "resolved": "https://registry.npmjs.org/inversify/-/inversify-4.10.0.tgz",
      "integrity": "sha512-fva6vHkeN8zCPXr98sG00CJkpNCVCuMqAJJabVS2TJ6g0bv4NSKDpgDcg2FAxmfVQp2Y6OaaSiVrnPH0rhYxGA=="
    },
    "node_modules/inversify-inject-decorators": {
      "version": "3.1.0",
      "resolved": "http://tierra-nexus.toptierra.it:8090/repository/global-npm/inversify-inject-decorators/-/inversify-inject-decorators-3.1.0.tgz",
      "integrity": "sha512-/seBlVp5bXrLQS3DpKEmlgeZL6C7Tf/QITd+IMQrbBBGuCbxb7k3hRAWu9XSreNpFzLgSboz3sClLSEmGwHphw==",
      "license": "MIT",
      "peer": true
    },
    "node_modules/inversify-logging": {
      "version": "0.2.1",
      "resolved": "http://tierra-nexus.toptierra.it:8090/repository/global-npm/inversify-logging/-/inversify-logging-0.2.1.tgz",
      "integrity": "sha1-bIWjegdh3ocjRfq0em4zXvp1rYM=",
      "peer": true,
      "dependencies": {
        "lodash": "^4.17.5",
        "reflect-metadata": "0.1.8"
      },
      "peerDependencies": {
        "inversify": "^4.0.0"
      }
    },
    "node_modules/js-tokens": {
      "version": "4.0.0",
      "resolved": "http://tierra-nexus.toptierra.it:8090/repository/global-npm/js-tokens/-/js-tokens-4.0.0.tgz",
      "integrity": "sha512-RdJUflcE3cUzKiMqQgsCu06FPu9UdIJO0beYbPhHN4k6apgJtifcoCtT9bcxOpYBtpD2kCM6Sbzg4CausW/PKQ==",
      "license": "MIT",
      "peer": true
    },
    "node_modules/lodash": {
      "version": "4.17.21",
      "resolved": "http://tierra-nexus.toptierra.it:8090/repository/global-npm/lodash/-/lodash-4.17.21.tgz",
      "integrity": "sha512-v2kDEe57lecTulaDIuNTPy3Ry4gLGJ6Z1O3vE1krgXZNrsQ+LFTGHVxVjcXPs17LhbZVGedAJv8XZ1tvj5FvSg==",
      "license": "MIT"
    },
    "node_modules/loose-envify": {
      "version": "1.4.0",
      "resolved": "http://tierra-nexus.toptierra.it:8090/repository/global-npm/loose-envify/-/loose-envify-1.4.0.tgz",
      "integrity": "sha512-lyuxPGr/Wfhrlem2CL/UcnUc1zcqKAImBDzukY7Y5F/yQiNdko6+fRLevlw1HgMySw7f611UIY408EtxRSoK3Q==",
      "license": "MIT",
      "peer": true,
      "dependencies": {
        "js-tokens": "^3.0.0 || ^4.0.0"
      },
      "bin": {
        "loose-envify": "cli.js"
      }
    },
    "node_modules/ninjagoat": {
      "version": "4.6.1",
      "resolved": "http://tierra-nexus.toptierra.it:8090/repository/global-npm/ninjagoat/-/ninjagoat-4.6.1.tgz",
      "integrity": "sha512-H0pOr1KMWYPNH96R9qqmFz9XQR5D24YgfDoBCOgaBWTOrn5lmBY7x/2L6rOpNwZn2n8PnqLt7l5ToR4VnZsEGQ==",
      "peer": true,
      "dependencies": {
        "bivio": "^0.3.2",
        "history": "^3.2.0",
        "inversify": "^4.3.0",
        "inversify-inject-decorators": "^3.0.1",
        "inversify-logging": "^0.2.0",
        "lodash": "^4.17.5",
        "react-router": "^3.0.0",
        "reflect-metadata": "0.1.8",
        "rx": "~4.1.0",
        "uuid": "~2.0.2",
        "whatwg-fetch": "~2.0.1"
      },
      "peerDependencies": {
        "react": "^16.2.0",
        "react-dom": "^16.2.0"
      }
    },
    "node_modules/ninjagoat-commands": {
      "version": "4.0.2",
      "resolved": "http://tierra-nexus.toptierra.it:8090/repository/global-npm/ninjagoat-commands/-/ninjagoat-commands-4.0.2.tgz",
      "integrity": "sha1-XI50Mv42Ebf9eGuEnQin61Y0f8g=",
      "peer": true,
      "dependencies": {
        "inversify": "^4.3.0",
        "lodash": "^4.17.5",
        "react": "^16.2.0",
        "react-dom": "^16.2.0",
        "reflect-metadata": "0.1.8",
        "rx": "~4.1.0"
      },
      "peerDependencies": {
        "ninjagoat": "^4.0.0"
      }
    },
    "node_modules/object-assign": {
      "version": "4.1.1",
      "resolved": "http://tierra-nexus.toptierra.it:8090/repository/global-npm/object-assign/-/object-assign-4.1.1.tgz",
      "integrity": "sha1-IQmtx5ZYh8/AXLvUQsrIv7s2CGM=",
      "license": "MIT",
      "peer": true,
      "engines": {
        "node": ">=0.10.0"
      }
    },
    "node_modules/prop-types": {
      "version": "15.7.2",
      "resolved": "http://tierra-nexus.toptierra.it:8090/repository/global-npm/prop-types/-/prop-types-15.7.2.tgz",
      "integrity": "sha512-8QQikdH7//R2vurIJSutZ1smHYTcLpRWEOlHnzcWHmBYrOGUysKwSsrC89BCiFj3CbrfJ/nXFdJepOVrY1GCHQ==",
      "license": "MIT",
      "peer": true,
      "dependencies": {
        "loose-envify": "^1.4.0",
        "object-assign": "^4.1.1",
        "react-is": "^16.8.1"
      }
    },
    "node_modules/query-string": {
      "version": "4.3.4",
      "resolved": "http://tierra-nexus.toptierra.it:8090/repository/global-npm/query-string/-/query-string-4.3.4.tgz",
      "integrity": "sha1-u7aTucqRXCMlFbIosaArYJBD2+s=",
      "license": "MIT",
      "peer": true,
      "dependencies": {
        "object-assign": "^4.1.0",
        "strict-uri-encode": "^1.0.0"
      },
      "engines": {
        "node": ">=0.10.0"
      }
    },
    "node_modules/react": {
      "version": "16.14.0",
      "resolved": "http://tierra-nexus.toptierra.it:8090/repository/global-npm/react/-/react-16.14.0.tgz",
      "integrity": "sha512-0X2CImDkJGApiAlcf0ODKIneSwBPhqJawOa5wCtKbu7ZECrmS26NvtSILynQ66cgkT/RJ4LidJOc3bUESwmU8g==",
      "license": "MIT",
      "peer": true,
      "dependencies": {
        "loose-envify": "^1.1.0",
        "object-assign": "^4.1.1",
        "prop-types": "^15.6.2"
      },
      "engines": {
        "node": ">=0.10.0"
      }
    },
    "node_modules/react-dom": {
      "version": "16.14.0",
      "resolved": "http://tierra-nexus.toptierra.it:8090/repository/global-npm/react-dom/-/react-dom-16.14.0.tgz",
      "integrity": "sha512-1gCeQXDLoIqMgqD3IO2Ah9bnf0w9kzhwN5q4FGnHZ67hBm9yePzB5JJAIQCc8x3pFnNlwFq4RidZggNAAkzWWw==",
      "license": "MIT",
      "peer": true,
      "dependencies": {
        "loose-envify": "^1.1.0",
        "object-assign": "^4.1.1",
        "prop-types": "^15.6.2",
        "scheduler": "^0.19.1"
      },
      "peerDependencies": {
        "react": "^16.14.0"
      }
    },
    "node_modules/react-ga": {
      "version": "2.7.0",
      "resolved": "https://registry.npmjs.org/react-ga/-/react-ga-2.7.0.tgz",
      "integrity": "sha512-AjC7UOZMvygrWTc2hKxTDvlMXEtbmA0IgJjmkhgmQQ3RkXrWR11xEagLGFGaNyaPnmg24oaIiaNPnEoftUhfXA=="
    },
    "node_modules/react-is": {
      "version": "16.13.1",
      "resolved": "http://tierra-nexus.toptierra.it:8090/repository/global-npm/react-is/-/react-is-16.13.1.tgz",
      "integrity": "sha512-24e6ynE2H+OKt4kqsOvNd8kBpV65zoxbA4BVsEOB3ARVWQki/DHzaUoC5KuON/BiccDaCCTZBuOcfZs70kR8bQ==",
      "license": "MIT",
      "peer": true
    },
    "node_modules/react-router": {
      "version": "3.2.6",
      "resolved": "http://tierra-nexus.toptierra.it:8090/repository/global-npm/react-router/-/react-router-3.2.6.tgz",
      "integrity": "sha512-nlxtQE8B22hb/JxdaslI1tfZacxFU8x8BJryXOnR2RxB4vc01zuHYAHAIgmBkdk1kzXaA25hZxK6KAH/+CXArw==",
      "license": "MIT",
      "peer": true,
      "dependencies": {
        "create-react-class": "^15.5.1",
        "history": "^3.0.0",
        "hoist-non-react-statics": "^3.3.2",
        "invariant": "^2.2.1",
        "loose-envify": "^1.2.0",
        "prop-types": "^15.7.2",
        "react-is": "^16.13.0",
        "warning": "^3.0.0"
      },
      "peerDependencies": {
        "react": "^0.14.0 || ^15.0.0 || ^16.0.0"
      }
    },
    "node_modules/reflect-metadata": {
      "version": "0.1.8",
      "resolved": "https://registry.npmjs.org/reflect-metadata/-/reflect-metadata-0.1.8.tgz",
      "integrity": "sha1-ckJtVwtgd242iJaL1auVN6Fc7PY="
    },
    "node_modules/rx": {
      "version": "4.1.0",
      "resolved": "https://registry.npmjs.org/rx/-/rx-4.1.0.tgz",
      "integrity": "sha1-pfE/957zt0D+MKqAP7CfmIBdR4I="
    },
    "node_modules/scheduler": {
      "version": "0.19.1",
      "resolved": "http://tierra-nexus.toptierra.it:8090/repository/global-npm/scheduler/-/scheduler-0.19.1.tgz",
      "integrity": "sha512-n/zwRWRYSUj0/3g/otKDRPMh6qv2SYMWNq85IEa8iZyAv8od9zDYpGSnpBEjNgcMNq6Scbu5KfIPxNF72R/2EA==",
      "license": "MIT",
      "peer": true,
      "dependencies": {
        "loose-envify": "^1.1.0",
        "object-assign": "^4.1.1"
      }
    },
    "node_modules/strict-uri-encode": {
      "version": "1.1.0",
      "resolved": "http://tierra-nexus.toptierra.it:8090/repository/global-npm/strict-uri-encode/-/strict-uri-encode-1.1.0.tgz",
      "integrity": "sha1-J5siXfHVgrH1TmWt3UNS4Y+qBxM=",
      "license": "MIT",
      "peer": true,
      "engines": {
        "node": ">=0.10.0"
      }
    },
    "node_modules/through": {
      "version": "2.3.8",
      "resolved": "http://tierra-nexus.toptierra.it:8090/repository/global-npm/through/-/through-2.3.8.tgz",
      "integrity": "sha1-DdTJ/6q8NXlgsbckEV1+Doai4fU=",
      "license": "MIT",
      "peer": true
    },
    "node_modules/typemoq": {
      "version": "0.2.0",
      "resolved": "https://registry.npmjs.org/typemoq/-/typemoq-0.2.0.tgz",
      "integrity": "sha1-FcJwps8/4NA+NLHJ8YNZ2+Dsmd4=",
      "dev": true,
      "dependencies": {
        "underscore": "^1.7.0"
      },
      "engines": {
        "node": ">=0.10.0"
      }
    },
    "node_modules/underscore": {
      "version": "1.8.3",
      "resolved": "https://registry.npmjs.org/underscore/-/underscore-1.8.3.tgz",
      "integrity": "sha1-Tz+1OxBuYJf8+ctBCfKl6b36UCI=",
      "dev": true
    },
    "node_modules/uuid": {
      "version": "2.0.3",
      "resolved": "http://tierra-nexus.toptierra.it:8090/repository/global-npm/uuid/-/uuid-2.0.3.tgz",
      "integrity": "sha1-Z+LoY3lyFVMN/zGOW/nc6/1Hsho=",
      "license": "MIT",
      "peer": true
    },
    "node_modules/warning": {
      "version": "3.0.0",
      "resolved": "http://tierra-nexus.toptierra.it:8090/repository/global-npm/warning/-/warning-3.0.0.tgz",
      "integrity": "sha1-MuU3fLVy3kqwR1O9+IIcAe1gW3w=",
      "license": "BSD-3-Clause",
      "peer": true,
      "dependencies": {
        "loose-envify": "^1.0.0"
      }
    },
    "node_modules/whatwg-fetch": {
      "version": "2.0.4",
      "resolved": "http://tierra-nexus.toptierra.it:8090/repository/global-npm/whatwg-fetch/-/whatwg-fetch-2.0.4.tgz",
      "integrity": "sha512-dcQ1GWpOD/eEQ97k66aiEVpNnapVj90/+R+SXTPYGHpYBBypfKJEQjLrvMZ7YXbKm21gXd4NcuxUTjiv1YtLng==",
      "license": "MIT",
      "peer": true
    }
  },
  "dependencies": {
    "@types/expect.js": {
      "version": "0.3.29",
      "resolved": "https://registry.npmjs.org/@types/expect.js/-/expect.js-0.3.29.tgz",
      "integrity": "sha1-KN01kVW4S47LCUr8P0t0wyItyjs=",
      "dev": true
    },
    "@types/history": {
      "version": "3.2.2",
      "resolved": "https://registry.npmjs.org/@types/history/-/history-3.2.2.tgz",
      "integrity": "sha512-DMvBzeA2dp1uZZftXkoqPC4TrdHlyuuTabCOxHY6EAKOJRMaPVu8b6lvX0QxEGKZq3cK/h3JCSxgfKmbDOYmRw==",
      "dev": true
    },
    "@types/lodash": {
      "version": "4.14.104",
      "resolved": "https://registry.npmjs.org/@types/lodash/-/lodash-4.14.104.tgz",
      "integrity": "sha512-ufQcVg4daO8xQ5kopxRHanqFdL4AI7ondQkV+2f+7mz3gvp0LkBx2zBRC6hfs3T87mzQFmf5Fck7Fi145Ul6NQ==",
      "dev": true
    },
    "@types/mocha": {
      "version": "2.2.48",
      "resolved": "https://registry.npmjs.org/@types/mocha/-/mocha-2.2.48.tgz",
      "integrity": "sha512-nlK/iyETgafGli8Zh9zJVCTicvU3iajSkRwOh3Hhiva598CMqNJ4NcVCGMTGKpGpTYj/9R8RLzS9NAykSSCqGw==",
      "dev": true
    },
    "@types/node": {
      "version": "6.0.101",
      "resolved": "https://registry.npmjs.org/@types/node/-/node-6.0.101.tgz",
      "integrity": "sha512-IQ7V3D6+kK1DArTqTBrnl3M+YgJZLw8ta8w3Q9xjR79HaJzMAoTbZ8TNzUTztrkCKPTqIstE2exdbs1FzsYLUw=="
    },
    "@types/react": {
      "version": "16.0.0",
      "resolved": "https://registry.npmjs.org/@types/react/-/react-16.0.0.tgz",
      "integrity": "sha512-lmu8zYXNhkZrIAgFgJK2/tGNXfdL//tKbtDEeph+doEAsBm+C2vnD+mAkR17bumu9K8ivYufySkkX4vrq9L8Sw==",
      "dev": true
    },
    "@types/react-router": {
      "version": "3.0.15",
      "resolved": "https://registry.npmjs.org/@types/react-router/-/react-router-3.0.15.tgz",
      "integrity": "sha512-wEnsWwUL5fMWO3txfkh2Js3rIObaDdEcOu6hdVRYz7YXzIG9P89jG5R8PVTiH7lXSyo6+/OamNHWPHtgkB9mhg==",
      "dev": true,
      "requires": {
        "@types/history": "^3",
        "@types/react": "*"
      }
    },
    "bivio": {
      "version": "0.3.2",
      "resolved": "http://tierra-nexus.toptierra.it:8090/repository/global-npm/bivio/-/bivio-0.3.2.tgz",
      "integrity": "sha1-RoD8VR+YJ3kopiXzUPjkVGVWY9k=",
      "peer": true,
      "requires": {
        "@types/lodash": "4.14.43",
        "@types/node": "^6.0.52",
        "envify": "~4.0.0",
        "lodash": "^4.16.6",
        "reflect-metadata": "0.1.8"
      },
      "dependencies": {
        "@types/lodash": {
          "version": "4.14.43",
          "resolved": "http://tierra-nexus.toptierra.it:8090/repository/global-npm/@types/lodash/-/lodash-4.14.43.tgz",
          "integrity": "sha1-A3PeQi5w9bzhLBU0AQOjwSbIEIY=",
          "peer": true
        }
      }
    },
    "create-react-class": {
      "version": "15.7.0",
      "resolved": "http://tierra-nexus.toptierra.it:8090/repository/global-npm/create-react-class/-/create-react-class-15.7.0.tgz",
      "integrity": "sha512-QZv4sFWG9S5RUvkTYWbflxeZX+JG7Cz0Tn33rQBJ+WFQTqTfUTjMjiv9tnfXazjsO5r0KhPs+AqCjyrQX6h2ng==",
      "peer": true,
      "requires": {
        "loose-envify": "^1.3.1",
        "object-assign": "^4.1.1"
      }
    },
    "envify": {
      "version": "4.0.0",
      "resolved": "http://tierra-nexus.toptierra.it:8090/repository/global-npm/envify/-/envify-4.0.0.tgz",
      "integrity": "sha1-95E0Pj0RzCnM5BFQMAqK9hxmyrA=",
      "peer": true,
      "requires": {
        "esprima": "~3.1.0",
        "through": "~2.3.4"
      }
    },
    "esprima": {
      "version": "3.1.3",
      "resolved": "http://tierra-nexus.toptierra.it:8090/repository/global-npm/esprima/-/esprima-3.1.3.tgz",
      "integrity": "sha1-/cpRzuYTOJXjyI1TXOSdv/YqRjM=",
      "peer": true
    },
    "expect.js": {
      "version": "0.3.1",
      "resolved": "https://registry.npmjs.org/expect.js/-/expect.js-0.3.1.tgz",
      "integrity": "sha1-sKWaDS7/VDdUTr8M6qYBWEHQm1s=",
      "dev": true
    },
    "history": {
      "version": "3.3.0",
      "resolved": "http://tierra-nexus.toptierra.it:8090/repository/global-npm/history/-/history-3.3.0.tgz",
      "integrity": "sha1-/O3M6PEpdTcVRdc1RhAzV5ptrpw=",
      "peer": true,
      "requires": {
        "invariant": "^2.2.1",
        "loose-envify": "^1.2.0",
        "query-string": "^4.2.2",
        "warning": "^3.0.0"
      }
    },
    "hoist-non-react-statics": {
      "version": "3.3.2",
      "resolved": "http://tierra-nexus.toptierra.it:8090/repository/global-npm/hoist-non-react-statics/-/hoist-non-react-statics-3.3.2.tgz",
      "integrity": "sha512-/gGivxi8JPKWNm/W0jSmzcMPpfpPLc3dY/6GxhX2hQ9iGj3aDfklV4ET7NjKpSinLpJ5vafa9iiGIEZg10SfBw==",
      "peer": true,
      "requires": {
        "react-is": "^16.7.0"
      }
    },
    "invariant": {
      "version": "2.2.4",
      "resolved": "http://tierra-nexus.toptierra.it:8090/repository/global-npm/invariant/-/invariant-2.2.4.tgz",
      "integrity": "sha512-phJfQVBuaJM5raOpJjSfkiD6BpbCE4Ns//LaXl6wGYtUBY83nWS6Rf9tXm2e8VaK60JEjYldbPif/A2B1C2gNA==",
      "peer": true,
      "requires": {
        "loose-envify": "^1.0.0"
      }
    },
    "inversify": {
      "version": "4.10.0",
      "resolved": "https://registry.npmjs.org/inversify/-/inversify-4.10.0.tgz",
      "integrity": "sha512-fva6vHkeN8zCPXr98sG00CJkpNCVCuMqAJJabVS2TJ6g0bv4NSKDpgDcg2FAxmfVQp2Y6OaaSiVrnPH0rhYxGA=="
    },
    "inversify-inject-decorators": {
      "version": "3.1.0",
      "resolved": "http://tierra-nexus.toptierra.it:8090/repository/global-npm/inversify-inject-decorators/-/inversify-inject-decorators-3.1.0.tgz",
      "integrity": "sha512-/seBlVp5bXrLQS3DpKEmlgeZL6C7Tf/QITd+IMQrbBBGuCbxb7k3hRAWu9XSreNpFzLgSboz3sClLSEmGwHphw==",
      "peer": true
    },
    "inversify-logging": {
      "version": "0.2.1",
      "resolved": "http://tierra-nexus.toptierra.it:8090/repository/global-npm/inversify-logging/-/inversify-logging-0.2.1.tgz",
      "integrity": "sha1-bIWjegdh3ocjRfq0em4zXvp1rYM=",
      "peer": true,
      "requires": {
        "lodash": "^4.17.5",
        "reflect-metadata": "0.1.8"
      }
    },
    "js-tokens": {
      "version": "4.0.0",
      "resolved": "http://tierra-nexus.toptierra.it:8090/repository/global-npm/js-tokens/-/js-tokens-4.0.0.tgz",
      "integrity": "sha512-RdJUflcE3cUzKiMqQgsCu06FPu9UdIJO0beYbPhHN4k6apgJtifcoCtT9bcxOpYBtpD2kCM6Sbzg4CausW/PKQ==",
      "peer": true
    },
    "lodash": {
      "version": "4.17.21",
      "resolved": "http://tierra-nexus.toptierra.it:8090/repository/global-npm/lodash/-/lodash-4.17.21.tgz",
      "integrity": "sha512-v2kDEe57lecTulaDIuNTPy3Ry4gLGJ6Z1O3vE1krgXZNrsQ+LFTGHVxVjcXPs17LhbZVGedAJv8XZ1tvj5FvSg=="
    },
    "loose-envify": {
      "version": "1.4.0",
      "resolved": "http://tierra-nexus.toptierra.it:8090/repository/global-npm/loose-envify/-/loose-envify-1.4.0.tgz",
      "integrity": "sha512-lyuxPGr/Wfhrlem2CL/UcnUc1zcqKAImBDzukY7Y5F/yQiNdko6+fRLevlw1HgMySw7f611UIY408EtxRSoK3Q==",
      "peer": true,
      "requires": {
        "js-tokens": "^3.0.0 || ^4.0.0"
      }
    },
    "ninjagoat": {
      "version": "4.6.1",
      "resolved": "http://tierra-nexus.toptierra.it:8090/repository/global-npm/ninjagoat/-/ninjagoat-4.6.1.tgz",
      "integrity": "sha512-H0pOr1KMWYPNH96R9qqmFz9XQR5D24YgfDoBCOgaBWTOrn5lmBY7x/2L6rOpNwZn2n8PnqLt7l5ToR4VnZsEGQ==",
      "peer": true,
      "requires": {
        "bivio": "^0.3.2",
        "history": "^3.2.0",
        "inversify": "^4.3.0",
        "inversify-inject-decorators": "^3.0.1",
        "inversify-logging": "^0.2.0",
        "lodash": "^4.17.5",
        "react-router": "^3.0.0",
        "reflect-metadata": "0.1.8",
        "rx": "~4.1.0",
        "uuid": "~2.0.2",
        "whatwg-fetch": "~2.0.1"
      }
    },
    "ninjagoat-commands": {
      "version": "4.0.2",
      "resolved": "http://tierra-nexus.toptierra.it:8090/repository/global-npm/ninjagoat-commands/-/ninjagoat-commands-4.0.2.tgz",
      "integrity": "sha1-XI50Mv42Ebf9eGuEnQin61Y0f8g=",
      "peer": true,
      "requires": {
        "inversify": "^4.3.0",
        "lodash": "^4.17.5",
        "react": "^16.2.0",
        "react-dom": "^16.2.0",
        "reflect-metadata": "0.1.8",
        "rx": "~4.1.0"
      }
    },
    "object-assign": {
      "version": "4.1.1",
      "resolved": "http://tierra-nexus.toptierra.it:8090/repository/global-npm/object-assign/-/object-assign-4.1.1.tgz",
      "integrity": "sha1-IQmtx5ZYh8/AXLvUQsrIv7s2CGM=",
      "peer": true
    },
    "prop-types": {
      "version": "15.7.2",
      "resolved": "http://tierra-nexus.toptierra.it:8090/repository/global-npm/prop-types/-/prop-types-15.7.2.tgz",
      "integrity": "sha512-8QQikdH7//R2vurIJSutZ1smHYTcLpRWEOlHnzcWHmBYrOGUysKwSsrC89BCiFj3CbrfJ/nXFdJepOVrY1GCHQ==",
      "peer": true,
      "requires": {
        "loose-envify": "^1.4.0",
        "object-assign": "^4.1.1",
        "react-is": "^16.8.1"
      }
    },
    "query-string": {
      "version": "4.3.4",
      "resolved": "http://tierra-nexus.toptierra.it:8090/repository/global-npm/query-string/-/query-string-4.3.4.tgz",
      "integrity": "sha1-u7aTucqRXCMlFbIosaArYJBD2+s=",
      "peer": true,
      "requires": {
        "object-assign": "^4.1.0",
        "strict-uri-encode": "^1.0.0"
      }
    },
    "react": {
      "version": "16.14.0",
      "resolved": "http://tierra-nexus.toptierra.it:8090/repository/global-npm/react/-/react-16.14.0.tgz",
      "integrity": "sha512-0X2CImDkJGApiAlcf0ODKIneSwBPhqJawOa5wCtKbu7ZECrmS26NvtSILynQ66cgkT/RJ4LidJOc3bUESwmU8g==",
      "peer": true,
      "requires": {
        "loose-envify": "^1.1.0",
        "object-assign": "^4.1.1",
        "prop-types": "^15.6.2"
      }
    },
    "react-dom": {
      "version": "16.14.0",
      "resolved": "http://tierra-nexus.toptierra.it:8090/repository/global-npm/react-dom/-/react-dom-16.14.0.tgz",
      "integrity": "sha512-1gCeQXDLoIqMgqD3IO2Ah9bnf0w9kzhwN5q4FGnHZ67hBm9yePzB5JJAIQCc8x3pFnNlwFq4RidZggNAAkzWWw==",
      "peer": true,
      "requires": {
        "loose-envify": "^1.1.0",
        "object-assign": "^4.1.1",
        "prop-types": "^15.6.2",
        "scheduler": "^0.19.1"
      }
    },
    "react-ga": {
      "version": "2.7.0",
      "resolved": "https://registry.npmjs.org/react-ga/-/react-ga-2.7.0.tgz",
      "integrity": "sha512-AjC7UOZMvygrWTc2hKxTDvlMXEtbmA0IgJjmkhgmQQ3RkXrWR11xEagLGFGaNyaPnmg24oaIiaNPnEoftUhfXA=="
    },
    "react-is": {
      "version": "16.13.1",
      "resolved": "http://tierra-nexus.toptierra.it:8090/repository/global-npm/react-is/-/react-is-16.13.1.tgz",
      "integrity": "sha512-24e6ynE2H+OKt4kqsOvNd8kBpV65zoxbA4BVsEOB3ARVWQki/DHzaUoC5KuON/BiccDaCCTZBuOcfZs70kR8bQ==",
      "peer": true
    },
    "react-router": {
      "version": "3.2.6",
      "resolved": "http://tierra-nexus.toptierra.it:8090/repository/global-npm/react-router/-/react-router-3.2.6.tgz",
      "integrity": "sha512-nlxtQE8B22hb/JxdaslI1tfZacxFU8x8BJryXOnR2RxB4vc01zuHYAHAIgmBkdk1kzXaA25hZxK6KAH/+CXArw==",
      "peer": true,
      "requires": {
        "create-react-class": "^15.5.1",
        "history": "^3.0.0",
        "hoist-non-react-statics": "^3.3.2",
        "invariant": "^2.2.1",
        "loose-envify": "^1.2.0",
        "prop-types": "^15.7.2",
        "react-is": "^16.13.0",
        "warning": "^3.0.0"
      }
    },
    "reflect-metadata": {
      "version": "0.1.8",
      "resolved": "https://registry.npmjs.org/reflect-metadata/-/reflect-metadata-0.1.8.tgz",
      "integrity": "sha1-ckJtVwtgd242iJaL1auVN6Fc7PY="
    },
    "rx": {
      "version": "4.1.0",
      "resolved": "https://registry.npmjs.org/rx/-/rx-4.1.0.tgz",
      "integrity": "sha1-pfE/957zt0D+MKqAP7CfmIBdR4I="
    },
    "scheduler": {
      "version": "0.19.1",
      "resolved": "http://tierra-nexus.toptierra.it:8090/repository/global-npm/scheduler/-/scheduler-0.19.1.tgz",
      "integrity": "sha512-n/zwRWRYSUj0/3g/otKDRPMh6qv2SYMWNq85IEa8iZyAv8od9zDYpGSnpBEjNgcMNq6Scbu5KfIPxNF72R/2EA==",
      "peer": true,
      "requires": {
        "loose-envify": "^1.1.0",
        "object-assign": "^4.1.1"
      }
    },
    "strict-uri-encode": {
      "version": "1.1.0",
      "resolved": "http://tierra-nexus.toptierra.it:8090/repository/global-npm/strict-uri-encode/-/strict-uri-encode-1.1.0.tgz",
      "integrity": "sha1-J5siXfHVgrH1TmWt3UNS4Y+qBxM=",
      "peer": true
    },
    "through": {
      "version": "2.3.8",
      "resolved": "http://tierra-nexus.toptierra.it:8090/repository/global-npm/through/-/through-2.3.8.tgz",
      "integrity": "sha1-DdTJ/6q8NXlgsbckEV1+Doai4fU=",
      "peer": true
    },
    "typemoq": {
      "version": "0.2.0",
      "resolved": "https://registry.npmjs.org/typemoq/-/typemoq-0.2.0.tgz",
      "integrity": "sha1-FcJwps8/4NA+NLHJ8YNZ2+Dsmd4=",
      "dev": true,
      "requires": {
        "underscore": "^1.7.0"
      }
    },
    "underscore": {
      "version": "1.8.3",
      "resolved": "https://registry.npmjs.org/underscore/-/underscore-1.8.3.tgz",
      "integrity": "sha1-Tz+1OxBuYJf8+ctBCfKl6b36UCI=",
      "dev": true
    },
    "uuid": {
      "version": "2.0.3",
      "resolved": "http://tierra-nexus.toptierra.it:8090/repository/global-npm/uuid/-/uuid-2.0.3.tgz",
      "integrity": "sha1-Z+LoY3lyFVMN/zGOW/nc6/1Hsho=",
      "peer": true
    },
    "warning": {
      "version": "3.0.0",
      "resolved": "http://tierra-nexus.toptierra.it:8090/repository/global-npm/warning/-/warning-3.0.0.tgz",
      "integrity": "sha1-MuU3fLVy3kqwR1O9+IIcAe1gW3w=",
      "peer": true,
      "requires": {
        "loose-envify": "^1.0.0"
      }
    },
    "whatwg-fetch": {
      "version": "2.0.4",
      "resolved": "http://tierra-nexus.toptierra.it:8090/repository/global-npm/whatwg-fetch/-/whatwg-fetch-2.0.4.tgz",
      "integrity": "sha512-dcQ1GWpOD/eEQ97k66aiEVpNnapVj90/+R+SXTPYGHpYBBypfKJEQjLrvMZ7YXbKm21gXd4NcuxUTjiv1YtLng==",
      "peer": true
    }
  }
}
