{
  "name": "ninjagoat-analytics",
  "version": "1.0.0-rc.0",
  "lockfileVersion": 2,
  "requires": true,
  "packages": {
    "": {
      "version": "1.0.0-rc.0",
      "dependencies": {
        "inversify": "^4.3.0",
        "lodash": "4.17.21",
        "react-ga": "^2.7.0",
        "reflect-metadata": "0.1.8",
        "rxjs": "^6.6.7"
      },
      "devDependencies": {
        "@types/expect.js": "~0.3.29",
        "@types/lodash": "4.14.104",
        "@types/mocha": "~2.2.33",
        "@types/node": "^16.3.1",
        "@types/react": "16.0.0",
        "@types/react-router": "^3.0.8",
        "expect.js": "~0.3.1",
        "typemoq": "~0.2.0",
        "typescript": "^3.8.3"
      },
      "peerDependencies": {
        "ninjagoat": "5.0.0-rc1",
        "ninjagoat-commands": "5.0.0-rc.0"
      }
    },
    "node_modules/@types/expect.js": {
      "version": "0.3.29",
      "resolved": "https://tierra-nexus.toptierra.it/repository/global-npm/@types/expect.js/-/expect.js-0.3.29.tgz",
      "integrity": "sha1-KN01kVW4S47LCUr8P0t0wyItyjs=",
      "dev": true,
      "license": "MIT"
    },
    "node_modules/@types/history": {
      "version": "3.2.5",
      "resolved": "https://tierra-nexus.toptierra.it/repository/global-npm/@types/history/-/history-3.2.5.tgz",
      "integrity": "sha512-TqWYI0mlqS5qhH8MHgJJs0RcgvvZLxkn0bi2qK07liZqP7M9rl1kpJ6TCAUo5Cp4vP5DObIqHcky0MWyyQojVQ==",
      "dev": true,
      "license": "MIT"
    },
    "node_modules/@types/lodash": {
      "version": "4.14.104",
      "resolved": "https://tierra-nexus.toptierra.it/repository/global-npm/@types/lodash/-/lodash-4.14.104.tgz",
      "integrity": "sha512-ufQcVg4daO8xQ5kopxRHanqFdL4AI7ondQkV+2f+7mz3gvp0LkBx2zBRC6hfs3T87mzQFmf5Fck7Fi145Ul6NQ==",
      "dev": true,
      "license": "MIT"
    },
    "node_modules/@types/mocha": {
      "version": "2.2.48",
      "resolved": "https://tierra-nexus.toptierra.it/repository/global-npm/@types/mocha/-/mocha-2.2.48.tgz",
      "integrity": "sha512-nlK/iyETgafGli8Zh9zJVCTicvU3iajSkRwOh3Hhiva598CMqNJ4NcVCGMTGKpGpTYj/9R8RLzS9NAykSSCqGw==",
      "dev": true,
      "license": "MIT"
    },
    "node_modules/@types/node": {
      "version": "16.3.1",
      "resolved": "https://tierra-nexus.toptierra.it/repository/global-npm/@types/node/-/node-16.3.1.tgz",
      "integrity": "sha512-N87VuQi7HEeRJkhzovao/JviiqKjDKMVKxKMfUvSKw+MbkbW8R0nA3fi/MQhhlxV2fQ+2ReM+/Nt4efdrJx3zA==",
      "dev": true,
      "license": "MIT"
    },
    "node_modules/@types/react": {
      "version": "16.0.0",
      "resolved": "https://tierra-nexus.toptierra.it/repository/global-npm/@types/react/-/react-16.0.0.tgz",
      "integrity": "sha512-lmu8zYXNhkZrIAgFgJK2/tGNXfdL//tKbtDEeph+doEAsBm+C2vnD+mAkR17bumu9K8ivYufySkkX4vrq9L8Sw==",
      "dev": true,
      "license": "MIT"
    },
    "node_modules/@types/react-router": {
      "version": "3.0.25",
      "resolved": "https://tierra-nexus.toptierra.it/repository/global-npm/@types/react-router/-/react-router-3.0.25.tgz",
      "integrity": "sha512-8G7W+/GbSzC1tiEp6fir/X8JHy3GL561uy1lId/as9rZOGi8x0oM+TvEipzZGrW6N8ILiwTVK1A2vMYFWy4Z3A==",
      "dev": true,
      "license": "MIT",
      "dependencies": {
        "@types/history": "^3",
        "@types/react": "*"
      }
    },
    "node_modules/bivio": {
      "version": "0.3.2",
      "resolved": "https://tierra-nexus.toptierra.it/repository/global-npm/bivio/-/bivio-0.3.2.tgz",
      "integrity": "sha1-RoD8VR+YJ3kopiXzUPjkVGVWY9k=",
      "peer": true,
      "dependencies": {
        "@types/lodash": "4.14.43",
        "@types/node": "^6.0.52",
        "envify": "~4.0.0",
        "lodash": "^4.16.6",
        "reflect-metadata": "0.1.8"
      }
    },
    "node_modules/bivio/node_modules/@types/lodash": {
      "version": "4.14.43",
      "resolved": "https://tierra-nexus.toptierra.it/repository/global-npm/@types/lodash/-/lodash-4.14.43.tgz",
      "integrity": "sha1-A3PeQi5w9bzhLBU0AQOjwSbIEIY=",
      "license": "MIT",
      "peer": true
    },
    "node_modules/bivio/node_modules/@types/node": {
      "version": "6.14.13",
      "resolved": "https://tierra-nexus.toptierra.it/repository/global-npm/@types/node/-/node-6.14.13.tgz",
      "integrity": "sha512-J1F0XJ/9zxlZel5ZlbeSuHW2OpabrUAqpFuC2sm2I3by8sERQ8+KCjNKUcq8QHuzpGMWiJpo9ZxeHrqrP2KzQw==",
      "license": "MIT",
      "peer": true
    },
    "node_modules/create-react-class": {
      "version": "15.7.0",
      "resolved": "https://tierra-nexus.toptierra.it/repository/global-npm/create-react-class/-/create-react-class-15.7.0.tgz",
      "integrity": "sha512-QZv4sFWG9S5RUvkTYWbflxeZX+JG7Cz0Tn33rQBJ+WFQTqTfUTjMjiv9tnfXazjsO5r0KhPs+AqCjyrQX6h2ng==",
      "license": "MIT",
      "peer": true,
      "dependencies": {
        "loose-envify": "^1.3.1",
        "object-assign": "^4.1.1"
      }
    },
    "node_modules/envify": {
      "version": "4.0.0",
      "resolved": "https://tierra-nexus.toptierra.it/repository/global-npm/envify/-/envify-4.0.0.tgz",
      "integrity": "sha1-95E0Pj0RzCnM5BFQMAqK9hxmyrA=",
      "license": "MIT",
      "peer": true,
      "dependencies": {
        "esprima": "~3.1.0",
        "through": "~2.3.4"
      },
      "bin": {
        "envify": "bin/envify"
      }
    },
    "node_modules/esprima": {
      "version": "3.1.3",
      "resolved": "https://tierra-nexus.toptierra.it/repository/global-npm/esprima/-/esprima-3.1.3.tgz",
      "integrity": "sha1-/cpRzuYTOJXjyI1TXOSdv/YqRjM=",
      "license": "BSD-2-Clause",
      "peer": true,
      "bin": {
        "esparse": "bin/esparse.js",
        "esvalidate": "bin/esvalidate.js"
      },
      "engines": {
        "node": ">=4"
      }
    },
    "node_modules/expect.js": {
      "version": "0.3.1",
      "resolved": "https://tierra-nexus.toptierra.it/repository/global-npm/expect.js/-/expect.js-0.3.1.tgz",
      "integrity": "sha1-sKWaDS7/VDdUTr8M6qYBWEHQm1s=",
      "dev": true
    },
    "node_modules/history": {
      "version": "3.3.0",
      "resolved": "https://tierra-nexus.toptierra.it/repository/global-npm/history/-/history-3.3.0.tgz",
      "integrity": "sha1-/O3M6PEpdTcVRdc1RhAzV5ptrpw=",
      "license": "MIT",
      "peer": true,
      "dependencies": {
        "invariant": "^2.2.1",
        "loose-envify": "^1.2.0",
        "query-string": "^4.2.2",
        "warning": "^3.0.0"
      }
    },
    "node_modules/hoist-non-react-statics": {
      "version": "3.3.2",
      "resolved": "https://tierra-nexus.toptierra.it/repository/global-npm/hoist-non-react-statics/-/hoist-non-react-statics-3.3.2.tgz",
      "integrity": "sha512-/gGivxi8JPKWNm/W0jSmzcMPpfpPLc3dY/6GxhX2hQ9iGj3aDfklV4ET7NjKpSinLpJ5vafa9iiGIEZg10SfBw==",
      "license": "BSD-3-Clause",
      "peer": true,
      "dependencies": {
        "react-is": "^16.7.0"
      }
    },
    "node_modules/invariant": {
      "version": "2.2.4",
      "resolved": "https://tierra-nexus.toptierra.it/repository/global-npm/invariant/-/invariant-2.2.4.tgz",
      "integrity": "sha512-phJfQVBuaJM5raOpJjSfkiD6BpbCE4Ns//LaXl6wGYtUBY83nWS6Rf9tXm2e8VaK60JEjYldbPif/A2B1C2gNA==",
      "license": "MIT",
      "peer": true,
      "dependencies": {
        "loose-envify": "^1.0.0"
      }
    },
    "node_modules/inversify": {
      "version": "4.13.0",
      "resolved": "https://tierra-nexus.toptierra.it/repository/global-npm/inversify/-/inversify-4.13.0.tgz",
      "integrity": "sha512-O5d8y7gKtyRwrvTLZzYET3kdFjqUy58sGpBYMARF13mzqDobpfBXVOPLH7HmnD2VR6Q+1HzZtslGvsdQfeb0SA==",
      "license": "MIT"
    },
    "node_modules/inversify-inject-decorators": {
      "version": "3.1.0",
      "resolved": "https://tierra-nexus.toptierra.it/repository/global-npm/inversify-inject-decorators/-/inversify-inject-decorators-3.1.0.tgz",
      "integrity": "sha512-/seBlVp5bXrLQS3DpKEmlgeZL6C7Tf/QITd+IMQrbBBGuCbxb7k3hRAWu9XSreNpFzLgSboz3sClLSEmGwHphw==",
      "license": "MIT",
      "peer": true
    },
    "node_modules/inversify-logging": {
      "version": "0.2.1",
      "resolved": "https://tierra-nexus.toptierra.it/repository/global-npm/inversify-logging/-/inversify-logging-0.2.1.tgz",
      "integrity": "sha1-bIWjegdh3ocjRfq0em4zXvp1rYM=",
      "peer": true,
      "dependencies": {
        "lodash": "^4.17.5",
        "reflect-metadata": "0.1.8"
      },
      "peerDependencies": {
        "inversify": "^4.0.0"
      }
    },
    "node_modules/js-tokens": {
      "version": "4.0.0",
      "resolved": "https://tierra-nexus.toptierra.it/repository/global-npm/js-tokens/-/js-tokens-4.0.0.tgz",
      "integrity": "sha512-RdJUflcE3cUzKiMqQgsCu06FPu9UdIJO0beYbPhHN4k6apgJtifcoCtT9bcxOpYBtpD2kCM6Sbzg4CausW/PKQ==",
      "license": "MIT",
      "peer": true
    },
    "node_modules/lodash": {
      "version": "4.17.21",
      "resolved": "https://tierra-nexus.toptierra.it/repository/global-npm/lodash/-/lodash-4.17.21.tgz",
      "integrity": "sha512-v2kDEe57lecTulaDIuNTPy3Ry4gLGJ6Z1O3vE1krgXZNrsQ+LFTGHVxVjcXPs17LhbZVGedAJv8XZ1tvj5FvSg==",
      "license": "MIT"
    },
    "node_modules/loose-envify": {
      "version": "1.4.0",
      "resolved": "https://tierra-nexus.toptierra.it/repository/global-npm/loose-envify/-/loose-envify-1.4.0.tgz",
      "integrity": "sha512-lyuxPGr/Wfhrlem2CL/UcnUc1zcqKAImBDzukY7Y5F/yQiNdko6+fRLevlw1HgMySw7f611UIY408EtxRSoK3Q==",
      "license": "MIT",
      "peer": true,
      "dependencies": {
        "js-tokens": "^3.0.0 || ^4.0.0"
      },
      "bin": {
        "loose-envify": "cli.js"
      }
    },
    "node_modules/ninjagoat": {
      "version": "5.0.0-rc1",
      "resolved": "https://tierra-nexus.toptierra.it/repository/global-npm/ninjagoat/-/ninjagoat-5.0.0-rc1.tgz",
      "integrity": "sha512-kHZ4TsGlThEC6rThjJTpfqI7SBkduRHTXGsF4sqSY0mNfZBFd8EjMCip4UP1LrQAjjDFhoa4phpA0cNZZasuiA==",
      "peer": true,
      "dependencies": {
        "bivio": "^0.3.2",
        "history": "^3.2.0",
        "inversify": "^4.3.0",
        "inversify-inject-decorators": "^3.0.1",
        "inversify-logging": "^0.2.0",
        "lodash": "^4.17.5",
        "react-router": "^3.0.0",
        "reflect-metadata": "0.1.8",
        "rxjs": "^6.6.7",
        "uuid": "~2.0.2",
        "whatwg-fetch": "~2.0.1"
      },
      "peerDependencies": {
        "react": "^16.2.0",
        "react-dom": "^16.2.0"
      }
    },
    "node_modules/ninjagoat-commands": {
      "version": "5.0.0-rc.0",
      "resolved": "https://tierra-nexus.toptierra.it/repository/global-npm/ninjagoat-commands/-/ninjagoat-commands-5.0.0-rc.0.tgz",
      "integrity": "sha512-uNJXEoEB3evfed3ub40t8vb053bCWNr1FOUH3lMy59rLanN8EFMm4MVEB7NylrrvygLlAXDC4bML5L4qMcI1zQ==",
      "peer": true,
      "dependencies": {
        "inversify": "^4.3.0",
        "lodash": "^4.17.5",
        "react": "^16.2.0",
        "react-dom": "^16.2.0",
        "reflect-metadata": "0.1.8",
        "rxjs": "^6.6.7"
      },
      "peerDependencies": {
        "ninjagoat": "5.0.0-rc1"
      }
    },
    "node_modules/object-assign": {
      "version": "4.1.1",
      "resolved": "https://tierra-nexus.toptierra.it/repository/global-npm/object-assign/-/object-assign-4.1.1.tgz",
      "integrity": "sha1-IQmtx5ZYh8/AXLvUQsrIv7s2CGM=",
      "license": "MIT",
      "peer": true,
      "engines": {
        "node": ">=0.10.0"
      }
    },
    "node_modules/prop-types": {
      "version": "15.7.2",
      "resolved": "https://tierra-nexus.toptierra.it/repository/global-npm/prop-types/-/prop-types-15.7.2.tgz",
      "integrity": "sha512-8QQikdH7//R2vurIJSutZ1smHYTcLpRWEOlHnzcWHmBYrOGUysKwSsrC89BCiFj3CbrfJ/nXFdJepOVrY1GCHQ==",
      "license": "MIT",
      "peer": true,
      "dependencies": {
        "loose-envify": "^1.4.0",
        "object-assign": "^4.1.1",
        "react-is": "^16.8.1"
      }
    },
    "node_modules/query-string": {
      "version": "4.3.4",
      "resolved": "https://tierra-nexus.toptierra.it/repository/global-npm/query-string/-/query-string-4.3.4.tgz",
      "integrity": "sha1-u7aTucqRXCMlFbIosaArYJBD2+s=",
      "license": "MIT",
      "peer": true,
      "dependencies": {
        "object-assign": "^4.1.0",
        "strict-uri-encode": "^1.0.0"
      },
      "engines": {
        "node": ">=0.10.0"
      }
    },
    "node_modules/react": {
      "version": "16.14.0",
      "resolved": "https://tierra-nexus.toptierra.it/repository/global-npm/react/-/react-16.14.0.tgz",
      "integrity": "sha512-0X2CImDkJGApiAlcf0ODKIneSwBPhqJawOa5wCtKbu7ZECrmS26NvtSILynQ66cgkT/RJ4LidJOc3bUESwmU8g==",
      "license": "MIT",
      "peer": true,
      "dependencies": {
        "loose-envify": "^1.1.0",
        "object-assign": "^4.1.1",
        "prop-types": "^15.6.2"
      },
      "engines": {
        "node": ">=0.10.0"
      }
    },
    "node_modules/react-dom": {
      "version": "16.14.0",
      "resolved": "https://tierra-nexus.toptierra.it/repository/global-npm/react-dom/-/react-dom-16.14.0.tgz",
      "integrity": "sha512-1gCeQXDLoIqMgqD3IO2Ah9bnf0w9kzhwN5q4FGnHZ67hBm9yePzB5JJAIQCc8x3pFnNlwFq4RidZggNAAkzWWw==",
      "license": "MIT",
      "peer": true,
      "dependencies": {
        "loose-envify": "^1.1.0",
        "object-assign": "^4.1.1",
        "prop-types": "^15.6.2",
        "scheduler": "^0.19.1"
      },
      "peerDependencies": {
        "react": "^16.14.0"
      }
    },
    "node_modules/react-ga": {
      "version": "2.7.0",
      "resolved": "https://tierra-nexus.toptierra.it/repository/global-npm/react-ga/-/react-ga-2.7.0.tgz",
      "integrity": "sha512-AjC7UOZMvygrWTc2hKxTDvlMXEtbmA0IgJjmkhgmQQ3RkXrWR11xEagLGFGaNyaPnmg24oaIiaNPnEoftUhfXA==",
      "license": "Apache-2.0",
      "peerDependencies": {
        "prop-types": "^15.6.0",
        "react": "^15.6.2 || ^16.0"
      }
    },
    "node_modules/react-is": {
      "version": "16.13.1",
      "resolved": "https://tierra-nexus.toptierra.it/repository/global-npm/react-is/-/react-is-16.13.1.tgz",
      "integrity": "sha512-24e6ynE2H+OKt4kqsOvNd8kBpV65zoxbA4BVsEOB3ARVWQki/DHzaUoC5KuON/BiccDaCCTZBuOcfZs70kR8bQ==",
      "license": "MIT",
      "peer": true
    },
    "node_modules/react-router": {
      "version": "3.2.6",
      "resolved": "https://tierra-nexus.toptierra.it/repository/global-npm/react-router/-/react-router-3.2.6.tgz",
      "integrity": "sha512-nlxtQE8B22hb/JxdaslI1tfZacxFU8x8BJryXOnR2RxB4vc01zuHYAHAIgmBkdk1kzXaA25hZxK6KAH/+CXArw==",
      "license": "MIT",
      "peer": true,
      "dependencies": {
        "create-react-class": "^15.5.1",
        "history": "^3.0.0",
        "hoist-non-react-statics": "^3.3.2",
        "invariant": "^2.2.1",
        "loose-envify": "^1.2.0",
        "prop-types": "^15.7.2",
        "react-is": "^16.13.0",
        "warning": "^3.0.0"
      },
      "peerDependencies": {
        "react": "^0.14.0 || ^15.0.0 || ^16.0.0"
      }
    },
    "node_modules/reflect-metadata": {
      "version": "0.1.8",
      "resolved": "https://tierra-nexus.toptierra.it/repository/global-npm/reflect-metadata/-/reflect-metadata-0.1.8.tgz",
      "integrity": "sha1-ckJtVwtgd242iJaL1auVN6Fc7PY=",
      "license": "Apache-2.0"
    },
    "node_modules/rxjs": {
      "version": "6.6.7",
      "resolved": "https://tierra-nexus.toptierra.it/repository/global-npm/rxjs/-/rxjs-6.6.7.tgz",
      "integrity": "sha512-hTdwr+7yYNIT5n4AMYp85KA6yw2Va0FLa3Rguvbpa4W3I5xynaBZo41cM3XM+4Q6fRMj3sBYIR1VAmZMXYJvRQ==",
      "license": "Apache-2.0",
      "dependencies": {
        "tslib": "^1.9.0"
      },
      "engines": {
        "npm": ">=2.0.0"
      }
    },
    "node_modules/scheduler": {
      "version": "0.19.1",
      "resolved": "https://tierra-nexus.toptierra.it/repository/global-npm/scheduler/-/scheduler-0.19.1.tgz",
      "integrity": "sha512-n/zwRWRYSUj0/3g/otKDRPMh6qv2SYMWNq85IEa8iZyAv8od9zDYpGSnpBEjNgcMNq6Scbu5KfIPxNF72R/2EA==",
      "license": "MIT",
      "peer": true,
      "dependencies": {
        "loose-envify": "^1.1.0",
        "object-assign": "^4.1.1"
      }
    },
    "node_modules/strict-uri-encode": {
      "version": "1.1.0",
      "resolved": "https://tierra-nexus.toptierra.it/repository/global-npm/strict-uri-encode/-/strict-uri-encode-1.1.0.tgz",
      "integrity": "sha1-J5siXfHVgrH1TmWt3UNS4Y+qBxM=",
      "license": "MIT",
      "peer": true,
      "engines": {
        "node": ">=0.10.0"
      }
    },
    "node_modules/through": {
      "version": "2.3.8",
      "resolved": "https://tierra-nexus.toptierra.it/repository/global-npm/through/-/through-2.3.8.tgz",
      "integrity": "sha1-DdTJ/6q8NXlgsbckEV1+Doai4fU=",
      "license": "MIT",
      "peer": true
    },
    "node_modules/tslib": {
      "version": "1.14.1",
      "resolved": "https://tierra-nexus.toptierra.it/repository/global-npm/tslib/-/tslib-1.14.1.tgz",
      "integrity": "sha512-Xni35NKzjgMrwevysHTCArtLDpPvye8zV/0E4EyYn43P7/7qvQwPh9BGkHewbMulVntbigmcT7rdX3BNo9wRJg==",
      "license": "0BSD"
    },
    "node_modules/typemoq": {
      "version": "0.2.0",
      "resolved": "https://tierra-nexus.toptierra.it/repository/global-npm/typemoq/-/typemoq-0.2.0.tgz",
      "integrity": "sha1-FcJwps8/4NA+NLHJ8YNZ2+Dsmd4=",
      "dev": true,
      "license": "MIT",
      "dependencies": {
        "underscore": "^1.7.0"
      },
      "engines": {
        "node": ">=0.10.0"
      }
    },
    "node_modules/typescript": {
      "version": "3.9.10",
      "resolved": "https://tierra-nexus.toptierra.it/repository/global-npm/typescript/-/typescript-3.9.10.tgz",
      "integrity": "sha512-w6fIxVE/H1PkLKcCPsFqKE7Kv7QUwhU8qQY2MueZXWx5cPZdwFupLgKK3vntcK98BtNHZtAF4LA/yl2a7k8R6Q==",
      "dev": true,
      "license": "Apache-2.0",
      "bin": {
        "tsc": "bin/tsc",
        "tsserver": "bin/tsserver"
      },
      "engines": {
        "node": ">=4.2.0"
      }
    },
    "node_modules/underscore": {
      "version": "1.13.1",
      "resolved": "https://tierra-nexus.toptierra.it/repository/global-npm/underscore/-/underscore-1.13.1.tgz",
      "integrity": "sha512-hzSoAVtJF+3ZtiFX0VgfFPHEDRm7Y/QPjGyNo4TVdnDTdft3tr8hEkD25a1jC+TjTuE7tkHGKkhwCgs9dgBB2g==",
      "dev": true,
      "license": "MIT"
    },
    "node_modules/uuid": {
      "version": "2.0.3",
      "resolved": "https://tierra-nexus.toptierra.it/repository/global-npm/uuid/-/uuid-2.0.3.tgz",
      "integrity": "sha1-Z+LoY3lyFVMN/zGOW/nc6/1Hsho=",
      "deprecated": "Please upgrade  to version 7 or higher.  Older versions may use Math.random() in certain circumstances, which is known to be problematic.  See https://v8.dev/blog/math-random for details.",
      "license": "MIT",
      "peer": true
    },
    "node_modules/warning": {
      "version": "3.0.0",
      "resolved": "https://tierra-nexus.toptierra.it/repository/global-npm/warning/-/warning-3.0.0.tgz",
      "integrity": "sha1-MuU3fLVy3kqwR1O9+IIcAe1gW3w=",
      "license": "BSD-3-Clause",
      "peer": true,
      "dependencies": {
        "loose-envify": "^1.0.0"
      }
    },
    "node_modules/whatwg-fetch": {
      "version": "2.0.4",
      "resolved": "https://tierra-nexus.toptierra.it/repository/global-npm/whatwg-fetch/-/whatwg-fetch-2.0.4.tgz",
      "integrity": "sha512-dcQ1GWpOD/eEQ97k66aiEVpNnapVj90/+R+SXTPYGHpYBBypfKJEQjLrvMZ7YXbKm21gXd4NcuxUTjiv1YtLng==",
      "license": "MIT",
      "peer": true
    }
  },
  "dependencies": {
    "@types/expect.js": {
      "version": "0.3.29",
      "resolved": "https://tierra-nexus.toptierra.it/repository/global-npm/@types/expect.js/-/expect.js-0.3.29.tgz",
      "integrity": "sha1-KN01kVW4S47LCUr8P0t0wyItyjs=",
      "dev": true
    },
    "@types/history": {
      "version": "3.2.5",
      "resolved": "https://tierra-nexus.toptierra.it/repository/global-npm/@types/history/-/history-3.2.5.tgz",
      "integrity": "sha512-TqWYI0mlqS5qhH8MHgJJs0RcgvvZLxkn0bi2qK07liZqP7M9rl1kpJ6TCAUo5Cp4vP5DObIqHcky0MWyyQojVQ==",
      "dev": true
    },
    "@types/lodash": {
      "version": "4.14.104",
      "resolved": "https://tierra-nexus.toptierra.it/repository/global-npm/@types/lodash/-/lodash-4.14.104.tgz",
      "integrity": "sha512-ufQcVg4daO8xQ5kopxRHanqFdL4AI7ondQkV+2f+7mz3gvp0LkBx2zBRC6hfs3T87mzQFmf5Fck7Fi145Ul6NQ==",
      "dev": true
    },
    "@types/mocha": {
      "version": "2.2.48",
      "resolved": "https://tierra-nexus.toptierra.it/repository/global-npm/@types/mocha/-/mocha-2.2.48.tgz",
      "integrity": "sha512-nlK/iyETgafGli8Zh9zJVCTicvU3iajSkRwOh3Hhiva598CMqNJ4NcVCGMTGKpGpTYj/9R8RLzS9NAykSSCqGw==",
      "dev": true
    },
    "@types/node": {
      "version": "16.3.1",
      "resolved": "https://tierra-nexus.toptierra.it/repository/global-npm/@types/node/-/node-16.3.1.tgz",
      "integrity": "sha512-N87VuQi7HEeRJkhzovao/JviiqKjDKMVKxKMfUvSKw+MbkbW8R0nA3fi/MQhhlxV2fQ+2ReM+/Nt4efdrJx3zA==",
      "dev": true
    },
    "@types/react": {
      "version": "16.0.0",
      "resolved": "https://tierra-nexus.toptierra.it/repository/global-npm/@types/react/-/react-16.0.0.tgz",
      "integrity": "sha512-lmu8zYXNhkZrIAgFgJK2/tGNXfdL//tKbtDEeph+doEAsBm+C2vnD+mAkR17bumu9K8ivYufySkkX4vrq9L8Sw==",
      "dev": true
    },
    "@types/react-router": {
      "version": "3.0.25",
      "resolved": "https://tierra-nexus.toptierra.it/repository/global-npm/@types/react-router/-/react-router-3.0.25.tgz",
      "integrity": "sha512-8G7W+/GbSzC1tiEp6fir/X8JHy3GL561uy1lId/as9rZOGi8x0oM+TvEipzZGrW6N8ILiwTVK1A2vMYFWy4Z3A==",
      "dev": true,
      "requires": {
        "@types/history": "^3",
        "@types/react": "*"
      }
    },
    "bivio": {
      "version": "0.3.2",
      "resolved": "https://tierra-nexus.toptierra.it/repository/global-npm/bivio/-/bivio-0.3.2.tgz",
      "integrity": "sha1-RoD8VR+YJ3kopiXzUPjkVGVWY9k=",
      "peer": true,
      "requires": {
        "@types/lodash": "4.14.43",
        "@types/node": "^6.0.52",
        "envify": "~4.0.0",
        "lodash": "^4.16.6",
        "reflect-metadata": "0.1.8"
      },
      "dependencies": {
        "@types/lodash": {
          "version": "4.14.43",
          "resolved": "https://tierra-nexus.toptierra.it/repository/global-npm/@types/lodash/-/lodash-4.14.43.tgz",
          "integrity": "sha1-A3PeQi5w9bzhLBU0AQOjwSbIEIY=",
          "peer": true
        },
        "@types/node": {
          "version": "6.14.13",
          "resolved": "https://tierra-nexus.toptierra.it/repository/global-npm/@types/node/-/node-6.14.13.tgz",
          "integrity": "sha512-J1F0XJ/9zxlZel5ZlbeSuHW2OpabrUAqpFuC2sm2I3by8sERQ8+KCjNKUcq8QHuzpGMWiJpo9ZxeHrqrP2KzQw==",
          "peer": true
        }
      }
    },
    "create-react-class": {
      "version": "15.7.0",
      "resolved": "https://tierra-nexus.toptierra.it/repository/global-npm/create-react-class/-/create-react-class-15.7.0.tgz",
      "integrity": "sha512-QZv4sFWG9S5RUvkTYWbflxeZX+JG7Cz0Tn33rQBJ+WFQTqTfUTjMjiv9tnfXazjsO5r0KhPs+AqCjyrQX6h2ng==",
      "peer": true,
      "requires": {
        "loose-envify": "^1.3.1",
        "object-assign": "^4.1.1"
      }
    },
    "envify": {
      "version": "4.0.0",
      "resolved": "https://tierra-nexus.toptierra.it/repository/global-npm/envify/-/envify-4.0.0.tgz",
      "integrity": "sha1-95E0Pj0RzCnM5BFQMAqK9hxmyrA=",
      "peer": true,
      "requires": {
        "esprima": "~3.1.0",
        "through": "~2.3.4"
      }
    },
    "esprima": {
      "version": "3.1.3",
      "resolved": "https://tierra-nexus.toptierra.it/repository/global-npm/esprima/-/esprima-3.1.3.tgz",
      "integrity": "sha1-/cpRzuYTOJXjyI1TXOSdv/YqRjM=",
      "peer": true
    },
    "expect.js": {
      "version": "0.3.1",
      "resolved": "https://tierra-nexus.toptierra.it/repository/global-npm/expect.js/-/expect.js-0.3.1.tgz",
      "integrity": "sha1-sKWaDS7/VDdUTr8M6qYBWEHQm1s=",
      "dev": true
    },
    "history": {
      "version": "3.3.0",
      "resolved": "https://tierra-nexus.toptierra.it/repository/global-npm/history/-/history-3.3.0.tgz",
      "integrity": "sha1-/O3M6PEpdTcVRdc1RhAzV5ptrpw=",
      "peer": true,
      "requires": {
        "invariant": "^2.2.1",
        "loose-envify": "^1.2.0",
        "query-string": "^4.2.2",
        "warning": "^3.0.0"
      }
    },
    "hoist-non-react-statics": {
      "version": "3.3.2",
      "resolved": "https://tierra-nexus.toptierra.it/repository/global-npm/hoist-non-react-statics/-/hoist-non-react-statics-3.3.2.tgz",
      "integrity": "sha512-/gGivxi8JPKWNm/W0jSmzcMPpfpPLc3dY/6GxhX2hQ9iGj3aDfklV4ET7NjKpSinLpJ5vafa9iiGIEZg10SfBw==",
      "peer": true,
      "requires": {
        "react-is": "^16.7.0"
      }
    },
    "invariant": {
      "version": "2.2.4",
      "resolved": "https://tierra-nexus.toptierra.it/repository/global-npm/invariant/-/invariant-2.2.4.tgz",
      "integrity": "sha512-phJfQVBuaJM5raOpJjSfkiD6BpbCE4Ns//LaXl6wGYtUBY83nWS6Rf9tXm2e8VaK60JEjYldbPif/A2B1C2gNA==",
      "peer": true,
      "requires": {
        "loose-envify": "^1.0.0"
      }
    },
    "inversify": {
      "version": "4.13.0",
      "resolved": "https://tierra-nexus.toptierra.it/repository/global-npm/inversify/-/inversify-4.13.0.tgz",
      "integrity": "sha512-O5d8y7gKtyRwrvTLZzYET3kdFjqUy58sGpBYMARF13mzqDobpfBXVOPLH7HmnD2VR6Q+1HzZtslGvsdQfeb0SA=="
    },
    "inversify-inject-decorators": {
      "version": "3.1.0",
      "resolved": "https://tierra-nexus.toptierra.it/repository/global-npm/inversify-inject-decorators/-/inversify-inject-decorators-3.1.0.tgz",
      "integrity": "sha512-/seBlVp5bXrLQS3DpKEmlgeZL6C7Tf/QITd+IMQrbBBGuCbxb7k3hRAWu9XSreNpFzLgSboz3sClLSEmGwHphw==",
      "peer": true
    },
    "inversify-logging": {
      "version": "0.2.1",
      "resolved": "https://tierra-nexus.toptierra.it/repository/global-npm/inversify-logging/-/inversify-logging-0.2.1.tgz",
      "integrity": "sha1-bIWjegdh3ocjRfq0em4zXvp1rYM=",
      "peer": true,
      "requires": {
        "lodash": "^4.17.5",
        "reflect-metadata": "0.1.8"
      }
    },
    "js-tokens": {
      "version": "4.0.0",
      "resolved": "https://tierra-nexus.toptierra.it/repository/global-npm/js-tokens/-/js-tokens-4.0.0.tgz",
      "integrity": "sha512-RdJUflcE3cUzKiMqQgsCu06FPu9UdIJO0beYbPhHN4k6apgJtifcoCtT9bcxOpYBtpD2kCM6Sbzg4CausW/PKQ==",
      "peer": true
    },
    "lodash": {
      "version": "4.17.21",
      "resolved": "https://tierra-nexus.toptierra.it/repository/global-npm/lodash/-/lodash-4.17.21.tgz",
      "integrity": "sha512-v2kDEe57lecTulaDIuNTPy3Ry4gLGJ6Z1O3vE1krgXZNrsQ+LFTGHVxVjcXPs17LhbZVGedAJv8XZ1tvj5FvSg=="
    },
    "loose-envify": {
      "version": "1.4.0",
      "resolved": "https://tierra-nexus.toptierra.it/repository/global-npm/loose-envify/-/loose-envify-1.4.0.tgz",
      "integrity": "sha512-lyuxPGr/Wfhrlem2CL/UcnUc1zcqKAImBDzukY7Y5F/yQiNdko6+fRLevlw1HgMySw7f611UIY408EtxRSoK3Q==",
      "peer": true,
      "requires": {
        "js-tokens": "^3.0.0 || ^4.0.0"
      }
    },
    "ninjagoat": {
      "version": "5.0.0-rc1",
      "resolved": "https://tierra-nexus.toptierra.it/repository/global-npm/ninjagoat/-/ninjagoat-5.0.0-rc1.tgz",
      "integrity": "sha512-kHZ4TsGlThEC6rThjJTpfqI7SBkduRHTXGsF4sqSY0mNfZBFd8EjMCip4UP1LrQAjjDFhoa4phpA0cNZZasuiA==",
      "peer": true,
      "requires": {
        "bivio": "^0.3.2",
        "history": "^3.2.0",
        "inversify": "^4.3.0",
        "inversify-inject-decorators": "^3.0.1",
        "inversify-logging": "^0.2.0",
        "lodash": "^4.17.5",
        "react-router": "^3.0.0",
        "reflect-metadata": "0.1.8",
        "rxjs": "^6.6.7",
        "uuid": "~2.0.2",
        "whatwg-fetch": "~2.0.1"
      }
    },
    "ninjagoat-commands": {
      "version": "5.0.0-rc.0",
      "resolved": "https://tierra-nexus.toptierra.it/repository/global-npm/ninjagoat-commands/-/ninjagoat-commands-5.0.0-rc.0.tgz",
      "integrity": "sha512-uNJXEoEB3evfed3ub40t8vb053bCWNr1FOUH3lMy59rLanN8EFMm4MVEB7NylrrvygLlAXDC4bML5L4qMcI1zQ==",
      "peer": true,
      "requires": {
        "inversify": "^4.3.0",
        "lodash": "^4.17.5",
        "react": "^16.2.0",
        "react-dom": "^16.2.0",
        "reflect-metadata": "0.1.8",
        "rxjs": "^6.6.7"
      }
    },
    "object-assign": {
      "version": "4.1.1",
      "resolved": "https://tierra-nexus.toptierra.it/repository/global-npm/object-assign/-/object-assign-4.1.1.tgz",
      "integrity": "sha1-IQmtx5ZYh8/AXLvUQsrIv7s2CGM=",
      "peer": true
    },
    "prop-types": {
      "version": "15.7.2",
      "resolved": "https://tierra-nexus.toptierra.it/repository/global-npm/prop-types/-/prop-types-15.7.2.tgz",
      "integrity": "sha512-8QQikdH7//R2vurIJSutZ1smHYTcLpRWEOlHnzcWHmBYrOGUysKwSsrC89BCiFj3CbrfJ/nXFdJepOVrY1GCHQ==",
      "peer": true,
      "requires": {
        "loose-envify": "^1.4.0",
        "object-assign": "^4.1.1",
        "react-is": "^16.8.1"
      }
    },
    "query-string": {
      "version": "4.3.4",
      "resolved": "https://tierra-nexus.toptierra.it/repository/global-npm/query-string/-/query-string-4.3.4.tgz",
      "integrity": "sha1-u7aTucqRXCMlFbIosaArYJBD2+s=",
      "peer": true,
      "requires": {
        "object-assign": "^4.1.0",
        "strict-uri-encode": "^1.0.0"
      }
    },
    "react": {
      "version": "16.14.0",
      "resolved": "https://tierra-nexus.toptierra.it/repository/global-npm/react/-/react-16.14.0.tgz",
      "integrity": "sha512-0X2CImDkJGApiAlcf0ODKIneSwBPhqJawOa5wCtKbu7ZECrmS26NvtSILynQ66cgkT/RJ4LidJOc3bUESwmU8g==",
      "peer": true,
      "requires": {
        "loose-envify": "^1.1.0",
        "object-assign": "^4.1.1",
        "prop-types": "^15.6.2"
      }
    },
    "react-dom": {
      "version": "16.14.0",
      "resolved": "https://tierra-nexus.toptierra.it/repository/global-npm/react-dom/-/react-dom-16.14.0.tgz",
      "integrity": "sha512-1gCeQXDLoIqMgqD3IO2Ah9bnf0w9kzhwN5q4FGnHZ67hBm9yePzB5JJAIQCc8x3pFnNlwFq4RidZggNAAkzWWw==",
      "peer": true,
      "requires": {
        "loose-envify": "^1.1.0",
        "object-assign": "^4.1.1",
        "prop-types": "^15.6.2",
        "scheduler": "^0.19.1"
      }
    },
    "react-ga": {
      "version": "2.7.0",
      "resolved": "https://tierra-nexus.toptierra.it/repository/global-npm/react-ga/-/react-ga-2.7.0.tgz",
      "integrity": "sha512-AjC7UOZMvygrWTc2hKxTDvlMXEtbmA0IgJjmkhgmQQ3RkXrWR11xEagLGFGaNyaPnmg24oaIiaNPnEoftUhfXA==",
      "requires": {}
    },
    "react-is": {
      "version": "16.13.1",
      "resolved": "https://tierra-nexus.toptierra.it/repository/global-npm/react-is/-/react-is-16.13.1.tgz",
      "integrity": "sha512-24e6ynE2H+OKt4kqsOvNd8kBpV65zoxbA4BVsEOB3ARVWQki/DHzaUoC5KuON/BiccDaCCTZBuOcfZs70kR8bQ==",
      "peer": true
    },
    "react-router": {
      "version": "3.2.6",
      "resolved": "https://tierra-nexus.toptierra.it/repository/global-npm/react-router/-/react-router-3.2.6.tgz",
      "integrity": "sha512-nlxtQE8B22hb/JxdaslI1tfZacxFU8x8BJryXOnR2RxB4vc01zuHYAHAIgmBkdk1kzXaA25hZxK6KAH/+CXArw==",
      "peer": true,
      "requires": {
        "create-react-class": "^15.5.1",
        "history": "^3.0.0",
        "hoist-non-react-statics": "^3.3.2",
        "invariant": "^2.2.1",
        "loose-envify": "^1.2.0",
        "prop-types": "^15.7.2",
        "react-is": "^16.13.0",
        "warning": "^3.0.0"
      }
    },
    "reflect-metadata": {
      "version": "0.1.8",
      "resolved": "https://tierra-nexus.toptierra.it/repository/global-npm/reflect-metadata/-/reflect-metadata-0.1.8.tgz",
      "integrity": "sha1-ckJtVwtgd242iJaL1auVN6Fc7PY="
    },
    "rxjs": {
      "version": "6.6.7",
      "resolved": "https://tierra-nexus.toptierra.it/repository/global-npm/rxjs/-/rxjs-6.6.7.tgz",
      "integrity": "sha512-hTdwr+7yYNIT5n4AMYp85KA6yw2Va0FLa3Rguvbpa4W3I5xynaBZo41cM3XM+4Q6fRMj3sBYIR1VAmZMXYJvRQ==",
      "requires": {
        "tslib": "^1.9.0"
      }
    },
    "scheduler": {
      "version": "0.19.1",
      "resolved": "https://tierra-nexus.toptierra.it/repository/global-npm/scheduler/-/scheduler-0.19.1.tgz",
      "integrity": "sha512-n/zwRWRYSUj0/3g/otKDRPMh6qv2SYMWNq85IEa8iZyAv8od9zDYpGSnpBEjNgcMNq6Scbu5KfIPxNF72R/2EA==",
      "peer": true,
      "requires": {
        "loose-envify": "^1.1.0",
        "object-assign": "^4.1.1"
      }
    },
    "strict-uri-encode": {
      "version": "1.1.0",
      "resolved": "https://tierra-nexus.toptierra.it/repository/global-npm/strict-uri-encode/-/strict-uri-encode-1.1.0.tgz",
      "integrity": "sha1-J5siXfHVgrH1TmWt3UNS4Y+qBxM=",
      "peer": true
    },
    "through": {
      "version": "2.3.8",
      "resolved": "https://tierra-nexus.toptierra.it/repository/global-npm/through/-/through-2.3.8.tgz",
      "integrity": "sha1-DdTJ/6q8NXlgsbckEV1+Doai4fU=",
      "peer": true
    },
    "tslib": {
      "version": "1.14.1",
      "resolved": "https://tierra-nexus.toptierra.it/repository/global-npm/tslib/-/tslib-1.14.1.tgz",
      "integrity": "sha512-Xni35NKzjgMrwevysHTCArtLDpPvye8zV/0E4EyYn43P7/7qvQwPh9BGkHewbMulVntbigmcT7rdX3BNo9wRJg=="
    },
    "typemoq": {
      "version": "0.2.0",
      "resolved": "https://tierra-nexus.toptierra.it/repository/global-npm/typemoq/-/typemoq-0.2.0.tgz",
      "integrity": "sha1-FcJwps8/4NA+NLHJ8YNZ2+Dsmd4=",
      "dev": true,
      "requires": {
        "underscore": "^1.7.0"
      }
    },
    "typescript": {
      "version": "3.9.10",
      "resolved": "https://tierra-nexus.toptierra.it/repository/global-npm/typescript/-/typescript-3.9.10.tgz",
      "integrity": "sha512-w6fIxVE/H1PkLKcCPsFqKE7Kv7QUwhU8qQY2MueZXWx5cPZdwFupLgKK3vntcK98BtNHZtAF4LA/yl2a7k8R6Q==",
      "dev": true
    },
    "underscore": {
      "version": "1.13.1",
      "resolved": "https://tierra-nexus.toptierra.it/repository/global-npm/underscore/-/underscore-1.13.1.tgz",
      "integrity": "sha512-hzSoAVtJF+3ZtiFX0VgfFPHEDRm7Y/QPjGyNo4TVdnDTdft3tr8hEkD25a1jC+TjTuE7tkHGKkhwCgs9dgBB2g==",
      "dev": true
    },
    "uuid": {
      "version": "2.0.3",
      "resolved": "https://tierra-nexus.toptierra.it/repository/global-npm/uuid/-/uuid-2.0.3.tgz",
      "integrity": "sha1-Z+LoY3lyFVMN/zGOW/nc6/1Hsho=",
      "peer": true
    },
    "warning": {
      "version": "3.0.0",
      "resolved": "https://tierra-nexus.toptierra.it/repository/global-npm/warning/-/warning-3.0.0.tgz",
      "integrity": "sha1-MuU3fLVy3kqwR1O9+IIcAe1gW3w=",
      "peer": true,
      "requires": {
        "loose-envify": "^1.0.0"
      }
    },
    "whatwg-fetch": {
      "version": "2.0.4",
      "resolved": "https://tierra-nexus.toptierra.it/repository/global-npm/whatwg-fetch/-/whatwg-fetch-2.0.4.tgz",
      "integrity": "sha512-dcQ1GWpOD/eEQ97k66aiEVpNnapVj90/+R+SXTPYGHpYBBypfKJEQjLrvMZ7YXbKm21gXd4NcuxUTjiv1YtLng==",
      "peer": true
    }
  }
}
